
Microsoft Visual Studio Solution File, Format Version 12.00
# Visual Studio Version 16
VisualStudioVersion = 16.0.32002.261
MinimumVisualStudioVersion = 10.0.40219.1
Project("{FAE04EC0-301F-11D3-BF4B-00C04F79EFBC}") = "Práctica_LINQ", "Práctica_LINQ.csproj", "{61FA07D2-A93C-438F-B28A-EE065383CB42}"
EndProject
Global
	GlobalSection(SolutionConfigurationPlatforms) = preSolution
		Debug|Any CPU = Debug|Any CPU
		Release|Any CPU = Release|Any CPU
	EndGlobalSection
	GlobalSection(ProjectConfigurationPlatforms) = postSolution
		{61FA07D2-A93C-438F-B28A-EE065383CB42}.Debug|Any CPU.ActiveCfg = Debug|Any CPU
		{61FA07D2-A93C-438F-B28A-EE065383CB42}.Debug|Any CPU.Build.0 = Debug|Any CPU
		{61FA07D2-A93C-438F-B28A-EE065383CB42}.Release|Any CPU.ActiveCfg = Release|Any CPU
		{61FA07D2-A93C-438F-B28A-EE065383CB42}.Release|Any CPU.Build.0 = Release|Any CPU
	EndGlobalSection
	GlobalSection(SolutionProperties) = preSolution
		HideSolutionNode = FALSE
	EndGlobalSection
	GlobalSection(ExtensibilityGlobals) = postSolution
		SolutionGuid = {2243DCD1-7B48-45D4-9902-F27CDD23A334}
	EndGlobalSection
EndGlobal
